{
  "originHash" : "c351aabe13067917247f7926404d096603b95663248b51124280feb61a2edf30",
  "pins" : [
    {
      "identity" : "openai",
      "kind" : "remoteSourceControl",
      "location" : "https://github.com/MacPaw/OpenAI",
      "state" : {
        "revision" : "7eef412b26b0b2af6add548bb60f25f306b41ee2",
        "version" : "0.4.1"
      }
    }
  ],
  "version" : 3
}
